
Microsoft Visual Studio Solution File, Format Version 12.00
# Visual Studio Version 16
VisualStudioVersion = 16.0.32602.291
MinimumVisualStudioVersion = 10.0.40219.1
Project("{FAE04EC0-301F-11D3-BF4B-00C04F79EFBC}") = "Delegate", "Delegate\Delegate.csproj", "{23506F66-26E3-4160-AF2C-1CA2952AA037}"
EndProject
Global
	GlobalSection(SolutionConfigurationPlatforms) = preSolution
		Debug|Any CPU = Debug|Any CPU
		Release|Any CPU = Release|Any CPU
	EndGlobalSection
	GlobalSection(ProjectConfigurationPlatforms) = postSolution
		{23506F66-26E3-4160-AF2C-1CA2952AA037}.Debug|Any CPU.ActiveCfg = Debug|Any CPU
		{23506F66-26E3-4160-AF2C-1CA2952AA037}.Debug|Any CPU.Build.0 = Debug|Any CPU
		{23506F66-26E3-4160-AF2C-1CA2952AA037}.Release|Any CPU.ActiveCfg = Release|Any CPU
		{23506F66-26E3-4160-AF2C-1CA2952AA037}.Release|Any CPU.Build.0 = Release|Any CPU
	EndGlobalSection
	GlobalSection(SolutionProperties) = preSolution
		HideSolutionNode = FALSE
	EndGlobalSection
	GlobalSection(ExtensibilityGlobals) = postSolution
		SolutionGuid = {5E4AFD4A-A214-4998-A34F-39B7013ACBDE}
	EndGlobalSection
EndGlobal
